
Microsoft Visual Studio Solution File, Format Version 12.00
# Visual Studio Version 17
VisualStudioVersion = 17.10.35004.147
MinimumVisualStudioVersion = 10.0.40219.1
Project("{FAE04EC0-301F-11D3-BF4B-00C04F79EFBC}") = "DapperImplementationWithGraphqlAPI", "DapperImplementationWithGraphqlAPI\DapperImplementationWithGraphqlAPI.csproj", "{135A7E97-A046-4B25-9C50-7FFA6B498D0B}"
EndProject
Global
	GlobalSection(SolutionConfigurationPlatforms) = preSolution
		Debug|Any CPU = Debug|Any CPU
		Release|Any CPU = Release|Any CPU
	EndGlobalSection
	GlobalSection(ProjectConfigurationPlatforms) = postSolution
		{135A7E97-A046-4B25-9C50-7FFA6B498D0B}.Debug|Any CPU.ActiveCfg = Debug|Any CPU
		{135A7E97-A046-4B25-9C50-7FFA6B498D0B}.Debug|Any CPU.Build.0 = Debug|Any CPU
		{135A7E97-A046-4B25-9C50-7FFA6B498D0B}.Release|Any CPU.ActiveCfg = Release|Any CPU
		{135A7E97-A046-4B25-9C50-7FFA6B498D0B}.Release|Any CPU.Build.0 = Release|Any CPU
	EndGlobalSection
	GlobalSection(SolutionProperties) = preSolution
		HideSolutionNode = FALSE
	EndGlobalSection
	GlobalSection(ExtensibilityGlobals) = postSolution
		SolutionGuid = {50314D11-507F-49F8-AC42-67492E7252CE}
	EndGlobalSection
EndGlobal
